
Microsoft Visual Studio Solution File, Format Version 12.00
# Visual Studio Version 17
VisualStudioVersion = 17.3.32901.215
MinimumVisualStudioVersion = 10.0.40219.1
Project("{9A19103F-16F7-4668-BE54-9A1E7A4F7556}") = "NEA", "NEA\NEA.csproj", "{9F25B7B5-2BD7-412E-8715-1EF3C33DD691}"
EndProject
Global
	GlobalSection(SolutionConfigurationPlatforms) = preSolution
		Debug|Any CPU = Debug|Any CPU
		Release|Any CPU = Release|Any CPU
	EndGlobalSection
	GlobalSection(ProjectConfigurationPlatforms) = postSolution
		{9F25B7B5-2BD7-412E-8715-1EF3C33DD691}.Debug|Any CPU.ActiveCfg = Debug|Any CPU
		{9F25B7B5-2BD7-412E-8715-1EF3C33DD691}.Debug|Any CPU.Build.0 = Debug|Any CPU
		{9F25B7B5-2BD7-412E-8715-1EF3C33DD691}.Release|Any CPU.ActiveCfg = Release|Any CPU
		{9F25B7B5-2BD7-412E-8715-1EF3C33DD691}.Release|Any CPU.Build.0 = Release|Any CPU
	EndGlobalSection
	GlobalSection(SolutionProperties) = preSolution
		HideSolutionNode = FALSE
	EndGlobalSection
	GlobalSection(ExtensibilityGlobals) = postSolution
		SolutionGuid = {EDE36207-8996-45D0-93E4-BF24865740BF}
	EndGlobalSection
EndGlobal
